
Microsoft Visual Studio Solution File, Format Version 12.00
# Visual Studio 15
VisualStudioVersion = 15.0.28010.2026
MinimumVisualStudioVersion = 10.0.40219.1
Project("{FAE04EC0-301F-11D3-BF4B-00C04F79EFBC}") = "CWKataSolver", "CWKataSolver\CWKataSolver.csproj", "{C75662BA-B0EC-446D-A351-7B63340E7F11}"
EndProject
Project("{FAE04EC0-301F-11D3-BF4B-00C04F79EFBC}") = "CWSolver.Tests", "CodeWarsSolver.Tests\CWSolver.Tests.csproj", "{0E8DB54D-9BE8-468C-957D-40F61611DD50}"
EndProject
Global
	GlobalSection(SolutionConfigurationPlatforms) = preSolution
		Debug|Any CPU = Debug|Any CPU
		Release|Any CPU = Release|Any CPU
	EndGlobalSection
	GlobalSection(ProjectConfigurationPlatforms) = postSolution
		{C75662BA-B0EC-446D-A351-7B63340E7F11}.Debug|Any CPU.ActiveCfg = Debug|Any CPU
		{C75662BA-B0EC-446D-A351-7B63340E7F11}.Debug|Any CPU.Build.0 = Debug|Any CPU
		{C75662BA-B0EC-446D-A351-7B63340E7F11}.Release|Any CPU.ActiveCfg = Release|Any CPU
		{C75662BA-B0EC-446D-A351-7B63340E7F11}.Release|Any CPU.Build.0 = Release|Any CPU
		{0E8DB54D-9BE8-468C-957D-40F61611DD50}.Debug|Any CPU.ActiveCfg = Debug|Any CPU
		{0E8DB54D-9BE8-468C-957D-40F61611DD50}.Debug|Any CPU.Build.0 = Debug|Any CPU
		{0E8DB54D-9BE8-468C-957D-40F61611DD50}.Release|Any CPU.ActiveCfg = Release|Any CPU
		{0E8DB54D-9BE8-468C-957D-40F61611DD50}.Release|Any CPU.Build.0 = Release|Any CPU
	EndGlobalSection
	GlobalSection(SolutionProperties) = preSolution
		HideSolutionNode = FALSE
	EndGlobalSection
	GlobalSection(ExtensibilityGlobals) = postSolution
		SolutionGuid = {2355CBFD-7FC8-470F-90C9-7962421E9F73}
	EndGlobalSection
EndGlobal
